
Microsoft Visual Studio Solution File, Format Version 12.00
# Visual Studio Version 17
VisualStudioVersion = 17.14.37111.16 d17.14
MinimumVisualStudioVersion = 10.0.40219.1
Project("{8BC9CEB8-8B4A-11D0-8D11-00A0C91BC942}") = "Project1", "Project1.vcxproj", "{101BA5FC-52AF-470E-870D-F02447A2A8CB}"
EndProject
Global
	GlobalSection(SolutionConfigurationPlatforms) = preSolution
		Debug|x64 = Debug|x64
		Debug|x86 = Debug|x86
		Release|x64 = Release|x64
		Release|x86 = Release|x86
	EndGlobalSection
	GlobalSection(ProjectConfigurationPlatforms) = postSolution
		{101BA5FC-52AF-470E-870D-F02447A2A8CB}.Debug|x64.ActiveCfg = Debug|x64
		{101BA5FC-52AF-470E-870D-F02447A2A8CB}.Debug|x64.Build.0 = Debug|x64
		{101BA5FC-52AF-470E-870D-F02447A2A8CB}.Debug|x86.ActiveCfg = Debug|Win32
		{101BA5FC-52AF-470E-870D-F02447A2A8CB}.Debug|x86.Build.0 = Debug|Win32
		{101BA5FC-52AF-470E-870D-F02447A2A8CB}.Release|x64.ActiveCfg = Release|x64
		{101BA5FC-52AF-470E-870D-F02447A2A8CB}.Release|x64.Build.0 = Release|x64
		{101BA5FC-52AF-470E-870D-F02447A2A8CB}.Release|x86.ActiveCfg = Release|Win32
		{101BA5FC-52AF-470E-870D-F02447A2A8CB}.Release|x86.Build.0 = Release|Win32
	EndGlobalSection
	GlobalSection(SolutionProperties) = preSolution
		HideSolutionNode = FALSE
	EndGlobalSection
	GlobalSection(ExtensibilityGlobals) = postSolution
		SolutionGuid = {E251AB0F-3847-4EAF-BD64-D8F4A9D8D2BE}
	EndGlobalSection
EndGlobal
